
Microsoft Visual Studio Solution File, Format Version 12.00
# Visual Studio Version 16
VisualStudioVersion = 16.0.30204.135
MinimumVisualStudioVersion = 10.0.40219.1
Project("{9A19103F-16F7-4668-BE54-9A1E7A4F7556}") = "SkyHighRemote.Server", "SkyHighRemote\Server\SkyHighRemote.Server.csproj", "{E178E8AC-3DF6-4344-BCF6-C701DDE13CD7}"
EndProject
Project("{9A19103F-16F7-4668-BE54-9A1E7A4F7556}") = "SkyHighRemote.Client", "SkyHighRemote\Client\SkyHighRemote.Client.csproj", "{01DFCA7E-0294-45C8-9DAA-B600AE668716}"
EndProject
Project("{9A19103F-16F7-4668-BE54-9A1E7A4F7556}") = "SkyHighRemote.Shared", "SkyHighRemote\Shared\SkyHighRemote.Shared.csproj", "{7BCF7B4C-5E93-49E3-B014-E4BCBA82895C}"
EndProject
Global
	GlobalSection(SolutionConfigurationPlatforms) = preSolution
		Debug|Any CPU = Debug|Any CPU
		Release|Any CPU = Release|Any CPU
	EndGlobalSection
	GlobalSection(ProjectConfigurationPlatforms) = postSolution
		{E178E8AC-3DF6-4344-BCF6-C701DDE13CD7}.Debug|Any CPU.ActiveCfg = Debug|Any CPU
		{E178E8AC-3DF6-4344-BCF6-C701DDE13CD7}.Debug|Any CPU.Build.0 = Debug|Any CPU
		{E178E8AC-3DF6-4344-BCF6-C701DDE13CD7}.Release|Any CPU.ActiveCfg = Release|Any CPU
		{E178E8AC-3DF6-4344-BCF6-C701DDE13CD7}.Release|Any CPU.Build.0 = Release|Any CPU
		{01DFCA7E-0294-45C8-9DAA-B600AE668716}.Debug|Any CPU.ActiveCfg = Debug|Any CPU
		{01DFCA7E-0294-45C8-9DAA-B600AE668716}.Debug|Any CPU.Build.0 = Debug|Any CPU
		{01DFCA7E-0294-45C8-9DAA-B600AE668716}.Release|Any CPU.ActiveCfg = Release|Any CPU
		{01DFCA7E-0294-45C8-9DAA-B600AE668716}.Release|Any CPU.Build.0 = Release|Any CPU
		{7BCF7B4C-5E93-49E3-B014-E4BCBA82895C}.Debug|Any CPU.ActiveCfg = Debug|Any CPU
		{7BCF7B4C-5E93-49E3-B014-E4BCBA82895C}.Debug|Any CPU.Build.0 = Debug|Any CPU
		{7BCF7B4C-5E93-49E3-B014-E4BCBA82895C}.Release|Any CPU.ActiveCfg = Release|Any CPU
		{7BCF7B4C-5E93-49E3-B014-E4BCBA82895C}.Release|Any CPU.Build.0 = Release|Any CPU
	EndGlobalSection
	GlobalSection(SolutionProperties) = preSolution
		HideSolutionNode = FALSE
	EndGlobalSection
	GlobalSection(ExtensibilityGlobals) = postSolution
		SolutionGuid = {37D4FE6F-2412-4185-B3C8-BA5CF0D9ACB5}
	EndGlobalSection
EndGlobal
